
Microsoft Visual Studio Solution File, Format Version 12.00
Project("{FAE04EC0-301F-11D3-BF4B-00C04F79EFBC}") = "SandBox", "SandBox\SandBox.csproj", "{BF6D22C5-4A03-4DE3-9BFE-002662C7DCCD}"
EndProject
Project("{FAE04EC0-301F-11D3-BF4B-00C04F79EFBC}") = "LINQSamples.Common", "..\Source\Source\LINQSamples.Common\LINQSamples.Common.csproj", "{46D69A0F-F93B-45BE-923D-864F6150CB8C}"
EndProject
Project("{FAE04EC0-301F-11D3-BF4B-00C04F79EFBC}") = "LINQSamples.DataLayer", "..\Source\Source\LINQSamples.DataLayer\LINQSamples.DataLayer.csproj", "{B1614A7E-EBDE-482B-940C-177BBDF8149E}"
EndProject
Global
	GlobalSection(SolutionConfigurationPlatforms) = preSolution
		Debug|Any CPU = Debug|Any CPU
		Release|Any CPU = Release|Any CPU
	EndGlobalSection
	GlobalSection(ProjectConfigurationPlatforms) = postSolution
		{BF6D22C5-4A03-4DE3-9BFE-002662C7DCCD}.Debug|Any CPU.ActiveCfg = Debug|Any CPU
		{BF6D22C5-4A03-4DE3-9BFE-002662C7DCCD}.Debug|Any CPU.Build.0 = Debug|Any CPU
		{BF6D22C5-4A03-4DE3-9BFE-002662C7DCCD}.Release|Any CPU.ActiveCfg = Release|Any CPU
		{BF6D22C5-4A03-4DE3-9BFE-002662C7DCCD}.Release|Any CPU.Build.0 = Release|Any CPU
		{46D69A0F-F93B-45BE-923D-864F6150CB8C}.Debug|Any CPU.ActiveCfg = Debug|Any CPU
		{46D69A0F-F93B-45BE-923D-864F6150CB8C}.Debug|Any CPU.Build.0 = Debug|Any CPU
		{46D69A0F-F93B-45BE-923D-864F6150CB8C}.Release|Any CPU.ActiveCfg = Release|Any CPU
		{46D69A0F-F93B-45BE-923D-864F6150CB8C}.Release|Any CPU.Build.0 = Release|Any CPU
		{B1614A7E-EBDE-482B-940C-177BBDF8149E}.Debug|Any CPU.ActiveCfg = Debug|Any CPU
		{B1614A7E-EBDE-482B-940C-177BBDF8149E}.Debug|Any CPU.Build.0 = Debug|Any CPU
		{B1614A7E-EBDE-482B-940C-177BBDF8149E}.Release|Any CPU.ActiveCfg = Release|Any CPU
		{B1614A7E-EBDE-482B-940C-177BBDF8149E}.Release|Any CPU.Build.0 = Release|Any CPU
	EndGlobalSection
EndGlobal
